
Microsoft Visual Studio Solution File, Format Version 12.00
# Visual Studio Version 17
VisualStudioVersion = 17.9.34701.34
MinimumVisualStudioVersion = 10.0.40219.1
Project("{9A19103F-16F7-4668-BE54-9A1E7A4F7556}") = "Inheritence_Example", "Inheritence_1\Inheritence_Example.csproj", "{05CC4D78-9AD9-42F9-BD86-2DA789E63DAD}"
EndProject
Global
	GlobalSection(SolutionConfigurationPlatforms) = preSolution
		Debug|Any CPU = Debug|Any CPU
		Release|Any CPU = Release|Any CPU
	EndGlobalSection
	GlobalSection(ProjectConfigurationPlatforms) = postSolution
		{05CC4D78-9AD9-42F9-BD86-2DA789E63DAD}.Debug|Any CPU.ActiveCfg = Debug|Any CPU
		{05CC4D78-9AD9-42F9-BD86-2DA789E63DAD}.Debug|Any CPU.Build.0 = Debug|Any CPU
		{05CC4D78-9AD9-42F9-BD86-2DA789E63DAD}.Release|Any CPU.ActiveCfg = Release|Any CPU
		{05CC4D78-9AD9-42F9-BD86-2DA789E63DAD}.Release|Any CPU.Build.0 = Release|Any CPU
	EndGlobalSection
	GlobalSection(SolutionProperties) = preSolution
		HideSolutionNode = FALSE
	EndGlobalSection
	GlobalSection(ExtensibilityGlobals) = postSolution
		SolutionGuid = {6285F4FD-D1B9-44E2-8778-55A8DE489509}
	EndGlobalSection
EndGlobal
